
Microsoft Visual Studio Solution File, Format Version 12.00
# Visual Studio 2015
Project("{FAE04EC0-301F-11D3-BF4B-00C04F79EFBC}") = "u_g.CSharp", "u_g.CSharp.csproj", "{431B5544-2233-6E33-21C1-03358D42F18C}"
EndProject
Project("{FAE04EC0-301F-11D3-BF4B-00C04F79EFBC}") = "u_g.CSharp.Editor", "u_g.CSharp.Editor.csproj", "{66DCAA04-D40F-683A-C1E9-5A8B626E9DD8}"
EndProject
Global
	GlobalSection(SolutionConfigurationPlatforms) = preSolution
		Debug|Any CPU = Debug|Any CPU
		Release|Any CPU = Release|Any CPU
	EndGlobalSection
	GlobalSection(ProjectConfigurationPlatforms) = postSolution
		{431B5544-2233-6E33-21C1-03358D42F18C}.Debug|Any CPU.ActiveCfg = Debug|Any CPU
		{431B5544-2233-6E33-21C1-03358D42F18C}.Debug|Any CPU.Build.0 = Debug|Any CPU
		{431B5544-2233-6E33-21C1-03358D42F18C}.Release|Any CPU.ActiveCfg = Release|Any CPU
		{431B5544-2233-6E33-21C1-03358D42F18C}.Release|Any CPU.Build.0 = Release|Any CPU
		{66DCAA04-D40F-683A-C1E9-5A8B626E9DD8}.Debug|Any CPU.ActiveCfg = Debug|Any CPU
		{66DCAA04-D40F-683A-C1E9-5A8B626E9DD8}.Debug|Any CPU.Build.0 = Debug|Any CPU
		{66DCAA04-D40F-683A-C1E9-5A8B626E9DD8}.Release|Any CPU.ActiveCfg = Release|Any CPU
		{66DCAA04-D40F-683A-C1E9-5A8B626E9DD8}.Release|Any CPU.Build.0 = Release|Any CPU
	EndGlobalSection
	GlobalSection(SolutionProperties) = preSolution
		HideSolutionNode = FALSE
	EndGlobalSection
EndGlobal
