
Microsoft Visual Studio Solution File, Format Version 12.00
# Visual Studio 2015
Project("{FAE04EC0-301F-11D3-BF4B-00C04F79EFBC}") = "u_b.CSharp", "u_b.CSharp.csproj", "{DDD36F7E-3A6D-3B8C-539B-5E14F4AAF12F}"
EndProject
Project("{FAE04EC0-301F-11D3-BF4B-00C04F79EFBC}") = "u_b.CSharp.Editor", "u_b.CSharp.Editor.csproj", "{433774BA-2B46-B326-C49F-FB1ED4BA8B88}"
EndProject
Global
	GlobalSection(SolutionConfigurationPlatforms) = preSolution
		Debug|Any CPU = Debug|Any CPU
		Release|Any CPU = Release|Any CPU
	EndGlobalSection
	GlobalSection(ProjectConfigurationPlatforms) = postSolution
		{DDD36F7E-3A6D-3B8C-539B-5E14F4AAF12F}.Debug|Any CPU.ActiveCfg = Debug|Any CPU
		{DDD36F7E-3A6D-3B8C-539B-5E14F4AAF12F}.Debug|Any CPU.Build.0 = Debug|Any CPU
		{DDD36F7E-3A6D-3B8C-539B-5E14F4AAF12F}.Release|Any CPU.ActiveCfg = Release|Any CPU
		{DDD36F7E-3A6D-3B8C-539B-5E14F4AAF12F}.Release|Any CPU.Build.0 = Release|Any CPU
		{433774BA-2B46-B326-C49F-FB1ED4BA8B88}.Debug|Any CPU.ActiveCfg = Debug|Any CPU
		{433774BA-2B46-B326-C49F-FB1ED4BA8B88}.Debug|Any CPU.Build.0 = Debug|Any CPU
		{433774BA-2B46-B326-C49F-FB1ED4BA8B88}.Release|Any CPU.ActiveCfg = Release|Any CPU
		{433774BA-2B46-B326-C49F-FB1ED4BA8B88}.Release|Any CPU.Build.0 = Release|Any CPU
	EndGlobalSection
	GlobalSection(SolutionProperties) = preSolution
		HideSolutionNode = FALSE
	EndGlobalSection
EndGlobal
